{
  "version": 1,
  "dependencies": {
    ".NETFramework,Version=v4.7.2": {
      "McMaster.Extensions.CommandLineUtils": {
        "type": "Direct",
        "requested": "[2.3.3, )",
        "resolved": "2.3.3",
        "contentHash": "sPJRFZ2Fmoq5cgcvm9+fX35asS4uyJSePNgxv8uDmvIFxb9onKRjgokLmxeo8DMxcsiEvOZMkGLPN5JKV9ZNBA==",
        "dependencies": {
          "System.ValueTuple": "4.4.0"
        }
      },
      "McMaster.Extensions.Hosting.CommandLine": {
        "type": "Direct",
        "requested": "[2.3.3, )",
        "resolved": "2.3.3",
        "contentHash": "5b/YhjWycfQLjKMRcD+LU3JZtY/ht0+LV1dSaqj7ssm2hk7wcYB7ej/IMunHFidoIOypofbf2XVmiEUQ8huDqA==",
        "dependencies": {
          "McMaster.Extensions.CommandLineUtils": "2.3.3",
          "Microsoft.Extensions.Hosting": "2.1.0"
        }
      },
      "Newtonsoft.Json": {
        "type": "Direct",
        "requested": "[12.0.1, )",
        "resolved": "12.0.1",
        "contentHash": "jmVyoEyk0In8r+AObYQyFKVFm7uSRzE0XSHSbEtBJcZDMV6DqJoyB4FLcHwprPVhAh826so0db3DIKXVnpGoPA=="
      },
      "Microsoft.Build": {
        "type": "Transitive",
        "resolved": "15.9.20",
        "contentHash": "b42hOwbOknlaqSjvmGdBRSgK6uKqsK3SL5977KGXgPkCJPcpb9hUIisjuFygVe9xuCEcKPZx8CRB+q6pf2M4Yg==",
        "dependencies": {
          "Microsoft.Build.Framework": "15.9.20",
          "Microsoft.VisualStudio.Setup.Configuration.Interop": "1.16.30",
          "System.Collections.Immutable": "1.5.0",
          "System.IO.Compression": "4.3.0",
          "System.Runtime.InteropServices.RuntimeInformation": "4.3.0",
          "System.Threading.Tasks.Dataflow": "4.5.24"
        }
      },
      "Microsoft.Build.Framework": {
        "type": "Transitive",
        "resolved": "15.9.20",
        "contentHash": "j7KrBtZrD+YQPAu+8K1a0J7HgDf0X18bSnqu5llKXxHZ5Cb1t3eSlEtZPUDFqsv3RCBzByggjIBaxrmdvHxLqA=="
      },
      "Microsoft.Build.Utilities.Core": {
        "type": "Transitive",
        "resolved": "15.9.20",
        "contentHash": "s5F2IDARivpFJ+RiwOBnCt6Higu88nhDYfaUWwJ2ecBSf83HZsc3E/EjyQIs+4fPAeS5IZsL2ak7gOdxEXubSA==",
        "dependencies": {
          "Microsoft.Build.Framework": "15.9.20",
          "Microsoft.VisualStudio.Setup.Configuration.Interop": "1.16.30",
          "System.Collections.Immutable": "1.5.0",
          "System.Runtime.InteropServices.RuntimeInformation": "4.3.0"
        }
      },
      "Microsoft.Extensions.Configuration": {
        "type": "Transitive",
        "resolved": "2.1.0",
        "contentHash": "5nnZYvEJXM0jNCoI7aYbjVU3CKNy6Yx09WLMSaa5ZhwaYh92/7uzgqn8Y97wQW2jOXeu4gqcS4FxPa/kMwVixQ==",
        "dependencies": {
          "Microsoft.Extensions.Configuration.Abstractions": "2.1.0"
        }
      },
      "Microsoft.Extensions.Configuration.Abstractions": {
        "type": "Transitive",
        "resolved": "2.1.0",
        "contentHash": "3aTLjQ1t+5h15MSqt1BzzwzVO8j13/NReFwn/r8nmwRBBw2U78b2On1j27L6S7G3QynPb90Itsvut0EIoZNfdw==",
        "dependencies": {
          "Microsoft.Extensions.Primitives": "2.1.0"
        }
      },
      "Microsoft.Extensions.Configuration.Binder": {
        "type": "Transitive",
        "resolved": "2.1.0",
        "contentHash": "k9dHRKfmXjeHTAmafyQPB9LFoQbvfLcD7m/OAJ3R1LaIE5C92t12tOkU2Jprp5n1I8Nze0ja9zkBNYxLydxPRA==",
        "dependencies": {
          "Microsoft.Extensions.Configuration": "2.1.0"
        }
      },
      "Microsoft.Extensions.DependencyInjection": {
        "type": "Transitive",
        "resolved": "2.1.0",
        "contentHash": "gt5wZArSJyLxGqvom+0WrNcmiJurkZV0YaPC4wpeqbSVg9CEQAG6h7nQXJcqj8+6BFYB9RDey4gAZasxcxv4tw==",
        "dependencies": {
          "Microsoft.Extensions.DependencyInjection.Abstractions": "2.1.0"
        }
      },
      "Microsoft.Extensions.DependencyInjection.Abstractions": {
        "type": "Transitive",
        "resolved": "2.1.0",
        "contentHash": "kDs/SngBdfZZRvbxu24sVqe22PSjCtLx7T1YOeJxs07Gnvb9rCNWwE/kjubRpS5N2AXu2ycxN/n6jeQF48vpkw=="
      },
      "Microsoft.Extensions.FileProviders.Abstractions": {
        "type": "Transitive",
        "resolved": "2.1.0",
        "contentHash": "Ef6UsXx9hcNodzCbF20Z094JSe/uuGJoUHsQtD/cItpgGAiG7uME03AACMI7UH/u6gongfsIa/gy1rGoGDvr0g==",
        "dependencies": {
          "Microsoft.Extensions.Primitives": "2.1.0"
        }
      },
      "Microsoft.Extensions.FileProviders.Physical": {
        "type": "Transitive",
        "resolved": "2.1.0",
        "contentHash": "b0wGaar96IkB3noy+jwT30J9FGVAQkQTMUj+TjpdjuRzfDx92Cl6ltkU6/q0W3otmCxoJQvKUTKgmVGbnozS3g==",
        "dependencies": {
          "Microsoft.Extensions.FileProviders.Abstractions": "2.1.0",
          "Microsoft.Extensions.FileSystemGlobbing": "2.1.0"
        }
      },
      "Microsoft.Extensions.FileSystemGlobbing": {
        "type": "Transitive",
        "resolved": "2.1.0",
        "contentHash": "yloa7N9Rk+1JFCS/hbr0nj4hNt6RpmuRVYnlbRT3hRVXWCOCsHlTC6cVu3l9o7BwnNEGEdE3B1LwX+i7wlnRtQ=="
      },
      "Microsoft.Extensions.Hosting": {
        "type": "Transitive",
        "resolved": "2.1.0",
        "contentHash": "bpQcOKnD2wKKM4veTMkty8keaGcEAEWpESvEEW3z6n+M8nVvLFyrZh56H0/fZYsprvRceuzN2YHiG/48EG7/Ug==",
        "dependencies": {
          "Microsoft.Extensions.Configuration": "2.1.0",
          "Microsoft.Extensions.DependencyInjection": "2.1.0",
          "Microsoft.Extensions.FileProviders.Physical": "2.1.0",
          "Microsoft.Extensions.Hosting.Abstractions": "2.1.0",
          "Microsoft.Extensions.Logging": "2.1.0"
        }
      },
      "Microsoft.Extensions.Hosting.Abstractions": {
        "type": "Transitive",
        "resolved": "2.1.0",
        "contentHash": "wPMcd6qvNH86gvNYzhgekd+vpzwk68g+FZLad/yzmxZw6nRWUwnlwLbuNPhUTz1SMz3OX7wEdQ4cmP48goMHGw==",
        "dependencies": {
          "Microsoft.Extensions.Configuration.Abstractions": "2.1.0",
          "Microsoft.Extensions.DependencyInjection.Abstractions": "2.1.0",
          "Microsoft.Extensions.FileProviders.Abstractions": "2.1.0",
          "Microsoft.Extensions.Logging.Abstractions": "2.1.0"
        }
      },
      "Microsoft.Extensions.Logging": {
        "type": "Transitive",
        "resolved": "2.1.0",
        "contentHash": "wHHLrOdhWQg7ApeFf63u2gm+qRxXYQ6RoO+RPRoU96aQLS2ox69VSmQSlpICsybpYQFN2rqVDioVRlE8xNbCyw==",
        "dependencies": {
          "Microsoft.Extensions.Configuration.Binder": "2.1.0",
          "Microsoft.Extensions.DependencyInjection.Abstractions": "2.1.0",
          "Microsoft.Extensions.Logging.Abstractions": "2.1.0",
          "Microsoft.Extensions.Options": "2.1.0"
        }
      },
      "Microsoft.Extensions.Logging.Abstractions": {
        "type": "Transitive",
        "resolved": "2.1.0",
        "contentHash": "HbLd0SsVNQ7AiB4Fvsjy4juWXqALhYSFih1KLVuc3JqDe7OgOEPX4vx+G/jhvl+e+zat/sBS7yjWmtlQ/6rzCA=="
      },
      "Microsoft.Extensions.Options": {
        "type": "Transitive",
        "resolved": "2.1.0",
        "contentHash": "rbdHap6oecNuTOlcEzkthuz+OqGVpF6hzqiz6jmb6BkAEGK62bnkvCboun0KWsEh8sbqKgxW4EGr4LO2m04QRw==",
        "dependencies": {
          "Microsoft.Extensions.DependencyInjection.Abstractions": "2.1.0",
          "Microsoft.Extensions.Primitives": "2.1.0"
        }
      },
      "Microsoft.Extensions.Primitives": {
        "type": "Transitive",
        "resolved": "2.1.0",
        "contentHash": "3ym2d4KDRYNt77ybBPdjr4WoVST9UC7xUM/Xxr8iSKD9aj5A+GbmjaQrU0Oy2fERMfLF8dYm0wLJoNSq5lt5lA==",
        "dependencies": {
          "System.Memory": "4.5.0",
          "System.Runtime.CompilerServices.Unsafe": "4.5.0"
        }
      },
      "Microsoft.VisualStudio.Setup.Configuration.Interop": {
        "type": "Transitive",
        "resolved": "1.16.30",
        "contentHash": "lC6SqNkraWUSY7cyF5GUmXSECoTMwslBc/r1dguChjsi0D0BlF7G6PLsvXD0NFCwnpKlgVzUYrIq7DQakdGerw=="
      },
      "NuGet.Common": {
        "type": "Transitive",
        "resolved": "4.9.4",
        "contentHash": "pka80Ws8f1uQgOqUUi2OU/wicglYNmYzrqUAMEtdVFgACwZj36MgHT1TF13EJ7EXUGr3dm5zxlGrZtZwLK2Wuw==",
        "dependencies": {
          "NuGet.Frameworks": "4.9.4"
        }
      },
      "NuGet.Configuration": {
        "type": "Transitive",
        "resolved": "4.9.4",
        "contentHash": "TLAKAPql7JtVtnMG6yL8o6XiLhh8RlQt4AvHvqu7nQRcT7japuJSzbnC01Vy/LSqeUc/oYZDdLr/fS9U0u8jjQ==",
        "dependencies": {
          "NuGet.Common": "4.9.4"
        }
      },
      "NuGet.DependencyResolver.Core": {
        "type": "Transitive",
        "resolved": "4.9.4",
        "contentHash": "DdK+qFG/WLKpn41PolynOWGgwuYXA6c6EThmphTIlK+JT7W3I91yOBS4Qn+rIx+3AH0cpMNKf4MJ7ItIROE3iA==",
        "dependencies": {
          "NuGet.LibraryModel": "4.9.4",
          "NuGet.Protocol": "4.9.4"
        }
      },
      "NuGet.Frameworks": {
        "type": "Transitive",
        "resolved": "4.9.4",
        "contentHash": "HTaqmHGBHZIq+N9yr95RRMWhMo3Ypq7lTrsCVG4bAC9f2IV/FUaXF8aBzTclC0n7+DtxWjuwiPGbwdjSx7MWew=="
      },
      "NuGet.LibraryModel": {
        "type": "Transitive",
        "resolved": "4.9.4",
        "contentHash": "GdY9iPxGdx3zx44W1VLBR7rv3QiTk0JRKqfzjMzmRKFARJp6en/e+dou41JeLpHdr0QFgEa3fqfY+EI/OScJ8w==",
        "dependencies": {
          "NuGet.Common": "4.9.4",
          "NuGet.Versioning": "4.9.4"
        }
      },
      "NuGet.Packaging": {
        "type": "Transitive",
        "resolved": "4.9.4",
        "contentHash": "3qZBs1otWxCifRQDXLr09bMJZyz3jx0n1v0O4Lc9oMEuhPkzXeErZkQdyqKBhyNfazy5MqoNWJCH/mTcc8CmpQ==",
        "dependencies": {
          "Newtonsoft.Json": "9.0.1",
          "NuGet.Configuration": "4.9.4",
          "NuGet.Packaging.Core": "4.9.4"
        }
      },
      "NuGet.Packaging.Core": {
        "type": "Transitive",
        "resolved": "4.9.4",
        "contentHash": "aoL4e1itZS6z337kRS/StPtMl1g2GYR4DzQ+amfDZZaBxrr03qjuNsn5Aw3AYJ3KL8/Y1A+JrRiPmHtd/oUxew==",
        "dependencies": {
          "NuGet.Common": "4.9.4",
          "NuGet.Versioning": "4.9.4"
        }
      },
      "NuGet.ProjectModel": {
        "type": "Transitive",
        "resolved": "4.9.4",
        "contentHash": "x0mzaiNYHREoYF1b8zseSNbAaYZ+w5zeS9liBToWyBtFPoU8gCHXeT7YSiP0w4nWLC+Jen9RNWmd4jtvpZFoZA==",
        "dependencies": {
          "NuGet.DependencyResolver.Core": "4.9.4"
        }
      },
      "NuGet.Protocol": {
        "type": "Transitive",
        "resolved": "4.9.4",
        "contentHash": "OIowFmB2eMHTnOnH/1GNGzfSDEb+y98TspSdPTR9UC9+EKsgsfqVym/OaxtmrnXDwFq4aO3QcLr5FJn12nCCvg==",
        "dependencies": {
          "NuGet.Configuration": "4.9.4",
          "NuGet.Packaging": "4.9.4"
        }
      },
      "NuGet.Versioning": {
        "type": "Transitive",
        "resolved": "4.9.4",
        "contentHash": "sbQ+S0v07PdEHjlFYC+xNza4imazSF0K895kjNHZuyWUkuSgrOr+HotAkheR2bNq/Wq5Yj8GxJljlI1wC69lKg=="
      },
      "System.Buffers": {
        "type": "Transitive",
        "resolved": "4.4.0",
        "contentHash": "AwarXzzoDwX6BgrhjoJsk6tUezZEozOT5Y9QKF94Gl4JK91I4PIIBkBco9068Y9/Dra8Dkbie99kXB8+1BaYKw=="
      },
      "System.Collections": {
        "type": "Transitive",
        "resolved": "4.0.0",
        "contentHash": "i2vsGDIEbWdHcUSNDPKZP/ZWod6o740el7mGTCy0dqbCxQh74W4QoC+klUwPEtGEFuvzJ7bJgvwJqscosVNyZQ=="
      },
      "System.Collections.Concurrent": {
        "type": "Transitive",
        "resolved": "4.0.0",
        "contentHash": "1f5SWoX7UlFkvUt7A8JoG5lXgZDw4cRAcKG8Eaxa+3Sq6e/UgVWl2YWew1evJv+p+edNNlIIorDfREKcoEDHGw=="
      },
      "System.Collections.Immutable": {
        "type": "Transitive",
        "resolved": "1.5.0",
        "contentHash": "ABbq5oKLBVmQtYaR/HQi3oZUIJZ5z1G/W4ulD106IQVxi5TDQlvyvqANtYcX0GqFHf99OXe0FvQ+PvOgfjFMMw=="
      },
      "System.Diagnostics.Debug": {
        "type": "Transitive",
        "resolved": "4.0.0",
        "contentHash": "AYJsLLGDVTC/nyURjgAo7Lpye0+HuSkcQujUf+NgQVdC/C/ky5NyamQHCforHJzgqspitMMtBe8B4UBdGXy1zQ=="
      },
      "System.Diagnostics.Tracing": {
        "type": "Transitive",
        "resolved": "4.0.0",
        "contentHash": "tzqQJPgD4bKs0eE5Gx9HEsxiHSBGcL42PImkjhwXTQK6iQbLTTB9mi+G7mUyEjlH8LUcm7F5QHEs+O+LpruOrQ=="
      },
      "System.Dynamic.Runtime": {
        "type": "Transitive",
        "resolved": "4.0.0",
        "contentHash": "33os71rQUCLjM5pbhQqCopq9/YcqBHPBQ8WylrzNk3oJmfAR0SFwzZIKJRN2JcrkBYdzC/NtWrYVU8oroyZieA=="
      },
      "System.IO.Abstractions": {
        "type": "Transitive",
        "resolved": "3.1.1",
        "contentHash": "31PQMZyGpvQbGyl1Ibe2AnqKYl2UnoNn9l7uKA8z+yRQVTqajXmGEk2xl2w+BofnZB3opC/Dk2oJfUmQdbfmmA=="
      },
      "System.IO.Compression": {
        "type": "Transitive",
        "resolved": "4.3.0",
        "contentHash": "YHndyoiV90iu4iKG115ibkhrG+S3jBm8Ap9OwoUAzO5oPDAWcr0SFwQFm0HjM8WkEZWo0zvLTyLmbvTkW1bXgg=="
      },
      "System.Linq": {
        "type": "Transitive",
        "resolved": "4.0.0",
        "contentHash": "r6Hlc+ytE6m/9UBr+nNRRdoJEWjoeQiT3L3lXYFDHoXk3VYsRBCDNXrawcexw7KPLaH0zamQLiAb6avhZ50cGg=="
      },
      "System.Memory": {
        "type": "Transitive",
        "resolved": "4.5.0",
        "contentHash": "ULODiqdq81e9YfQS/GL4P5zgek90jyPykAV4t1Sp4sjID3/Ebi18lbvOKm+81biHR5a5FdFRXSU/JVc6nxr/7A==",
        "dependencies": {
          "System.Buffers": "4.4.0",
          "System.Numerics.Vectors": "4.4.0",
          "System.Runtime.CompilerServices.Unsafe": "4.5.0"
        }
      },
      "System.Numerics.Vectors": {
        "type": "Transitive",
        "resolved": "4.4.0",
        "contentHash": "X5yEBxdNcsZetFSY0uNnaL3fHMJaMD7D6tRqKHVOAy6LjJvlNTBRi0sJM7U8jbz4LkfTT9s6IEB99l2yFRT/MA=="
      },
      "System.Resources.ResourceManager": {
        "type": "Transitive",
        "resolved": "4.0.0",
        "contentHash": "qmqeZ4BJgjfU+G2JbrZt4Dk1LsMxO4t+f/9HarNY6w8pBgweO6jT+cknUH7c3qIrGvyUqraBhU45Eo6UtA0fAw=="
      },
      "System.Runtime": {
        "type": "Transitive",
        "resolved": "4.0.0",
        "contentHash": "Uq9epame8hEqJlj4KaWb67dDJvj4IM37jRFGVeFbugRdPz48bR0voyBhrbf3iSa2tAmlkg4lsa6BUOL9iwlMew=="
      },
      "System.Runtime.CompilerServices.Unsafe": {
        "type": "Transitive",
        "resolved": "4.5.0",
        "contentHash": "YrzNWduCDHhUaSRBxHxL11UkM2fD6y8hITHis4/LbQZ6vj3vdRjoH3IoPWWC9uDXK2wHIqn+b5gv1Np/VKyM1g=="
      },
      "System.Runtime.Extensions": {
        "type": "Transitive",
        "resolved": "4.0.0",
        "contentHash": "zPzwoJcA7qar/b5Ihhzfcdr3vBOR8FIg7u//Qc5mqyAriasXuMFVraBZ5vOQq5asfun9ryNEL8Z2BOlUK5QRqA=="
      },
      "System.Runtime.InteropServices.RuntimeInformation": {
        "type": "Transitive",
        "resolved": "4.3.0",
        "contentHash": "cbz4YJMqRDR7oLeMRbdYv7mYzc++17lNhScCX0goO2XpGWdvAt60CGN+FHdePUEHCe/Jy9jUlvNAiNdM+7jsOw=="
      },
      "System.Threading": {
        "type": "Transitive",
        "resolved": "4.0.0",
        "contentHash": "H6O/9gUrjPDNYanh/7OFGAZHjVXvEuITD0RcnjfvIV04HOGrOPqUBU0kmz9RIX/7YGgCQn1o1S2DX6Cuv8kVGQ=="
      },
      "System.Threading.Tasks": {
        "type": "Transitive",
        "resolved": "4.0.0",
        "contentHash": "dA3y1B6Pc8mNt9obhEWWGGpvEakS51+nafXpmM/Z8IF847GErLXGTjdfA+AYEKszfFbH7SVLWUklXhYeeSQ1lw=="
      },
      "System.Threading.Tasks.Dataflow": {
        "type": "Transitive",
        "resolved": "4.5.24",
        "contentHash": "5rxjiabaug+brvFB+zb15JHa+FEgkTAMZOkG0JczklX5vxqSBhWB4g2P8MdJZ6OPuE4bqnuUpml5wfm2sSoBXw==",
        "dependencies": {
          "System.Collections": "4.0.0",
          "System.Collections.Concurrent": "4.0.0",
          "System.Diagnostics.Debug": "4.0.0",
          "System.Diagnostics.Tracing": "4.0.0",
          "System.Dynamic.Runtime": "4.0.0",
          "System.Linq": "4.0.0",
          "System.Resources.ResourceManager": "4.0.0",
          "System.Runtime": "4.0.0",
          "System.Runtime.Extensions": "4.0.0",
          "System.Threading": "4.0.0",
          "System.Threading.Tasks": "4.0.0"
        }
      },
      "System.ValueTuple": {
        "type": "Transitive",
        "resolved": "4.4.0",
        "contentHash": "v+QnVQJJt1zpzl0OxuDN2qWZK38VqgRy5Mby1qW4udBGxfRy1ERirwuQzhZVHsdvG/HmwelBGRrSrNEnEOaSow=="
      },
      "LicenseGatherer.Core": {
        "type": "Project",
        "dependencies": {
          "Microsoft.Build": "15.9.20",
          "Microsoft.Build.Utilities.Core": "15.9.20",
          "NuGet.ProjectModel": "4.9.4",
          "System.Collections.Immutable": "1.5.0",
          "System.IO.Abstractions": "3.1.1"
        }
      }
    },
    ".NETFramework,Version=v4.7.2/win7-x86": {
      "System.IO.Compression": {
        "type": "Transitive",
        "resolved": "4.3.0",
        "contentHash": "YHndyoiV90iu4iKG115ibkhrG+S3jBm8Ap9OwoUAzO5oPDAWcr0SFwQFm0HjM8WkEZWo0zvLTyLmbvTkW1bXgg=="
      },
      "System.Runtime.InteropServices.RuntimeInformation": {
        "type": "Transitive",
        "resolved": "4.3.0",
        "contentHash": "cbz4YJMqRDR7oLeMRbdYv7mYzc++17lNhScCX0goO2XpGWdvAt60CGN+FHdePUEHCe/Jy9jUlvNAiNdM+7jsOw=="
      }
    }
  }
}