
Microsoft Visual Studio Solution File, Format Version 12.00
# Visual Studio Version 16
VisualStudioVersion = 16.0.28729.10
MinimumVisualStudioVersion = 15.0.26124.0
Project("{9A19103F-16F7-4668-BE54-9A1E7A4F7556}") = "LicenseGatherer.Core", "LicenseGatherer.Core\LicenseGatherer.Core.csproj", "{5DA3A8DF-943B-491A-9BA4-8B06AF7CEE8B}"
EndProject
Project("{2150E333-8FDC-42A3-9474-1A3956D46DE8}") = "Solution Items", "Solution Items", "{C46EB8D8-9BDF-4B8A-BDCB-76DE1D91B44B}"
	ProjectSection(SolutionItems) = preProject
		..\eng\azure-pipelines-ci.yml = ..\eng\azure-pipelines-ci.yml
		Directory.Build.props = Directory.Build.props
		..\Readme.md = ..\Readme.md
	EndProjectSection
EndProject
Project("{9A19103F-16F7-4668-BE54-9A1E7A4F7556}") = "LicenseGatherer.Core.Tests", "LicenseGatherer.Core.Tests\LicenseGatherer.Core.Tests.csproj", "{388146D1-17ED-4A40-A279-B68333348A66}"
EndProject
Project("{9A19103F-16F7-4668-BE54-9A1E7A4F7556}") = "LicenseGatherer", "LicenseGatherer\LicenseGatherer.csproj", "{34120666-7773-4E6D-91C8-20E5834D4DF9}"
EndProject
Global
	GlobalSection(SolutionConfigurationPlatforms) = preSolution
		Debug|Any CPU = Debug|Any CPU
		Debug|x64 = Debug|x64
		Debug|x86 = Debug|x86
		Release|Any CPU = Release|Any CPU
		Release|x64 = Release|x64
		Release|x86 = Release|x86
	EndGlobalSection
	GlobalSection(ProjectConfigurationPlatforms) = postSolution
		{5DA3A8DF-943B-491A-9BA4-8B06AF7CEE8B}.Debug|Any CPU.ActiveCfg = Debug|Any CPU
		{5DA3A8DF-943B-491A-9BA4-8B06AF7CEE8B}.Debug|Any CPU.Build.0 = Debug|Any CPU
		{5DA3A8DF-943B-491A-9BA4-8B06AF7CEE8B}.Debug|x64.ActiveCfg = Debug|Any CPU
		{5DA3A8DF-943B-491A-9BA4-8B06AF7CEE8B}.Debug|x64.Build.0 = Debug|Any CPU
		{5DA3A8DF-943B-491A-9BA4-8B06AF7CEE8B}.Debug|x86.ActiveCfg = Debug|Any CPU
		{5DA3A8DF-943B-491A-9BA4-8B06AF7CEE8B}.Debug|x86.Build.0 = Debug|Any CPU
		{5DA3A8DF-943B-491A-9BA4-8B06AF7CEE8B}.Release|Any CPU.ActiveCfg = Release|Any CPU
		{5DA3A8DF-943B-491A-9BA4-8B06AF7CEE8B}.Release|Any CPU.Build.0 = Release|Any CPU
		{5DA3A8DF-943B-491A-9BA4-8B06AF7CEE8B}.Release|x64.ActiveCfg = Release|Any CPU
		{5DA3A8DF-943B-491A-9BA4-8B06AF7CEE8B}.Release|x64.Build.0 = Release|Any CPU
		{5DA3A8DF-943B-491A-9BA4-8B06AF7CEE8B}.Release|x86.ActiveCfg = Release|Any CPU
		{5DA3A8DF-943B-491A-9BA4-8B06AF7CEE8B}.Release|x86.Build.0 = Release|Any CPU
		{388146D1-17ED-4A40-A279-B68333348A66}.Debug|Any CPU.ActiveCfg = Debug|Any CPU
		{388146D1-17ED-4A40-A279-B68333348A66}.Debug|Any CPU.Build.0 = Debug|Any CPU
		{388146D1-17ED-4A40-A279-B68333348A66}.Debug|x64.ActiveCfg = Debug|Any CPU
		{388146D1-17ED-4A40-A279-B68333348A66}.Debug|x64.Build.0 = Debug|Any CPU
		{388146D1-17ED-4A40-A279-B68333348A66}.Debug|x86.ActiveCfg = Debug|Any CPU
		{388146D1-17ED-4A40-A279-B68333348A66}.Debug|x86.Build.0 = Debug|Any CPU
		{388146D1-17ED-4A40-A279-B68333348A66}.Release|Any CPU.ActiveCfg = Release|Any CPU
		{388146D1-17ED-4A40-A279-B68333348A66}.Release|Any CPU.Build.0 = Release|Any CPU
		{388146D1-17ED-4A40-A279-B68333348A66}.Release|x64.ActiveCfg = Release|Any CPU
		{388146D1-17ED-4A40-A279-B68333348A66}.Release|x64.Build.0 = Release|Any CPU
		{388146D1-17ED-4A40-A279-B68333348A66}.Release|x86.ActiveCfg = Release|Any CPU
		{388146D1-17ED-4A40-A279-B68333348A66}.Release|x86.Build.0 = Release|Any CPU
		{34120666-7773-4E6D-91C8-20E5834D4DF9}.Debug|Any CPU.ActiveCfg = Debug|Any CPU
		{34120666-7773-4E6D-91C8-20E5834D4DF9}.Debug|Any CPU.Build.0 = Debug|Any CPU
		{34120666-7773-4E6D-91C8-20E5834D4DF9}.Debug|x64.ActiveCfg = Debug|Any CPU
		{34120666-7773-4E6D-91C8-20E5834D4DF9}.Debug|x64.Build.0 = Debug|Any CPU
		{34120666-7773-4E6D-91C8-20E5834D4DF9}.Debug|x86.ActiveCfg = Debug|Any CPU
		{34120666-7773-4E6D-91C8-20E5834D4DF9}.Debug|x86.Build.0 = Debug|Any CPU
		{34120666-7773-4E6D-91C8-20E5834D4DF9}.Release|Any CPU.ActiveCfg = Release|Any CPU
		{34120666-7773-4E6D-91C8-20E5834D4DF9}.Release|Any CPU.Build.0 = Release|Any CPU
		{34120666-7773-4E6D-91C8-20E5834D4DF9}.Release|x64.ActiveCfg = Release|Any CPU
		{34120666-7773-4E6D-91C8-20E5834D4DF9}.Release|x64.Build.0 = Release|Any CPU
		{34120666-7773-4E6D-91C8-20E5834D4DF9}.Release|x86.ActiveCfg = Release|Any CPU
		{34120666-7773-4E6D-91C8-20E5834D4DF9}.Release|x86.Build.0 = Release|Any CPU
	EndGlobalSection
	GlobalSection(SolutionProperties) = preSolution
		HideSolutionNode = FALSE
	EndGlobalSection
	GlobalSection(ExtensibilityGlobals) = postSolution
		SolutionGuid = {F3A1F1B5-BF2B-4383-9A80-8F2369CC5C20}
	EndGlobalSection
EndGlobal
